[[dependencies]]
name = "@openzeppelin-contracts"
version = "5.4.0"
url = "https://soldeer-revisions.s3.amazonaws.com/@openzeppelin-contracts/5_4_0_19-07-2025_08:59:41_contracts.zip"
checksum = "3dd38f17610dba4602bd008ee2cb551e51e97d7b4ce04e1ffdf853da832942fa"
integrity = "4eb0ef219d10ab5a5708adaae1132dc0a93ab6a193378486e842d606c989ff3e"

[[dependencies]]
name = "@openzeppelin-contracts-upgradeable"
version = "5.4.0"
url = "https://soldeer-revisions.s3.amazonaws.com/@openzeppelin-contracts-upgradeable/5_4_0_19-07-2025_08:59:45_contracts-upgradeable.zip"
checksum = "bc405f98749d27dc19e747f1e797f3df59ccf6c9781ab39369892eaf700ac40b"
integrity = "eeb22da11d2b7a8202e43a3a91978f0d9e6cdabfe006cf799f57282065267a1a"

[[dependencies]]
name = "forge-std"
version = "1.10.0"
url = "https://soldeer-revisions.s3.amazonaws.com/forge-std/1_10_0_02-08-2025_06:50:35_forge-std-1.10.zip"
checksum = "8cc59e92a7762c170c15f2102c4f3718106dfc78239978fe87c64f316740cc09"
integrity = "3fd441e2499c5cf04ef9b4126f52150a50dcef9cac1645ff7a955345e947cd04"
